
Microsoft Visual Studio Solution File, Format Version 12.00
# Visual Studio 2012
Project("{D954291E-2A0B-460D-934E-DC6B0785DB48}") = "ClimbCrud", "ClimbCrud\ClimbCrud.shproj", "{4CA5BA4E-99B2-4826-9844-424B98715481}"
EndProject
Project("{FAE04EC0-301F-11D3-BF4B-00C04F79EFBC}") = "ClimbCrud.iOS", "iOS\ClimbCrud.iOS.csproj", "{0309DC77-8422-4D62-A3C5-B271D55E120A}"
EndProject
Project("{FAE04EC0-301F-11D3-BF4B-00C04F79EFBC}") = "ClimbCrud.Droid", "Droid\ClimbCrud.Droid.csproj", "{FB3646AA-F138-44AA-8748-5C747412FE50}"
EndProject
Project("{FAE04EC0-301F-11D3-BF4B-00C04F79EFBC}") = "ClimbCrud.MobileAppService", "MobileAppService\ClimbCrud.MobileAppService.csproj", "{61E303A6-9E3B-491D-8F02-26853F75BE1A}"
EndProject
Global
	GlobalSection(SolutionConfigurationPlatforms) = preSolution
		Debug|iPhoneSimulator = Debug|iPhoneSimulator
		Release|iPhone = Release|iPhone
		Release|iPhoneSimulator = Release|iPhoneSimulator
		Debug|iPhone = Debug|iPhone
		Debug|Any CPU = Debug|Any CPU
		Release|Any CPU = Release|Any CPU
	EndGlobalSection
	GlobalSection(ProjectConfigurationPlatforms) = postSolution
		{0309DC77-8422-4D62-A3C5-B271D55E120A}.Debug|iPhoneSimulator.ActiveCfg = Debug|iPhoneSimulator
		{0309DC77-8422-4D62-A3C5-B271D55E120A}.Debug|iPhoneSimulator.Build.0 = Debug|iPhoneSimulator
		{0309DC77-8422-4D62-A3C5-B271D55E120A}.Release|iPhone.ActiveCfg = Release|iPhone
		{0309DC77-8422-4D62-A3C5-B271D55E120A}.Release|iPhone.Build.0 = Release|iPhone
		{0309DC77-8422-4D62-A3C5-B271D55E120A}.Release|iPhoneSimulator.ActiveCfg = Release|iPhoneSimulator
		{0309DC77-8422-4D62-A3C5-B271D55E120A}.Release|iPhoneSimulator.Build.0 = Release|iPhoneSimulator
		{0309DC77-8422-4D62-A3C5-B271D55E120A}.Debug|iPhone.ActiveCfg = Debug|iPhone
		{0309DC77-8422-4D62-A3C5-B271D55E120A}.Debug|iPhone.Build.0 = Debug|iPhone
		{0309DC77-8422-4D62-A3C5-B271D55E120A}.Debug|Any CPU.ActiveCfg = Debug|iPhoneSimulator
		{0309DC77-8422-4D62-A3C5-B271D55E120A}.Debug|Any CPU.Build.0 = Debug|iPhoneSimulator
		{0309DC77-8422-4D62-A3C5-B271D55E120A}.Release|Any CPU.ActiveCfg = Release|iPhone
		{0309DC77-8422-4D62-A3C5-B271D55E120A}.Release|Any CPU.Build.0 = Release|iPhone
		{FB3646AA-F138-44AA-8748-5C747412FE50}.Debug|iPhoneSimulator.ActiveCfg = Debug|Any CPU
		{FB3646AA-F138-44AA-8748-5C747412FE50}.Debug|iPhoneSimulator.Build.0 = Debug|Any CPU
		{FB3646AA-F138-44AA-8748-5C747412FE50}.Release|iPhone.ActiveCfg = Release|Any CPU
		{FB3646AA-F138-44AA-8748-5C747412FE50}.Release|iPhone.Build.0 = Release|Any CPU
		{FB3646AA-F138-44AA-8748-5C747412FE50}.Release|iPhoneSimulator.ActiveCfg = Release|Any CPU
		{FB3646AA-F138-44AA-8748-5C747412FE50}.Release|iPhoneSimulator.Build.0 = Release|Any CPU
		{FB3646AA-F138-44AA-8748-5C747412FE50}.Debug|iPhone.ActiveCfg = Debug|Any CPU
		{FB3646AA-F138-44AA-8748-5C747412FE50}.Debug|iPhone.Build.0 = Debug|Any CPU
		{FB3646AA-F138-44AA-8748-5C747412FE50}.Debug|Any CPU.ActiveCfg = Debug|Any CPU
		{FB3646AA-F138-44AA-8748-5C747412FE50}.Debug|Any CPU.Build.0 = Debug|Any CPU
		{FB3646AA-F138-44AA-8748-5C747412FE50}.Release|Any CPU.ActiveCfg = Release|Any CPU
		{FB3646AA-F138-44AA-8748-5C747412FE50}.Release|Any CPU.Build.0 = Release|Any CPU
		{61E303A6-9E3B-491D-8F02-26853F75BE1A}.Debug|iPhoneSimulator.ActiveCfg = Debug|Any CPU
		{61E303A6-9E3B-491D-8F02-26853F75BE1A}.Debug|iPhoneSimulator.Build.0 = Debug|Any CPU
		{61E303A6-9E3B-491D-8F02-26853F75BE1A}.Release|iPhone.ActiveCfg = Release|Any CPU
		{61E303A6-9E3B-491D-8F02-26853F75BE1A}.Release|iPhone.Build.0 = Release|Any CPU
		{61E303A6-9E3B-491D-8F02-26853F75BE1A}.Release|iPhoneSimulator.ActiveCfg = Release|Any CPU
		{61E303A6-9E3B-491D-8F02-26853F75BE1A}.Release|iPhoneSimulator.Build.0 = Release|Any CPU
		{61E303A6-9E3B-491D-8F02-26853F75BE1A}.Debug|iPhone.ActiveCfg = Debug|Any CPU
		{61E303A6-9E3B-491D-8F02-26853F75BE1A}.Debug|iPhone.Build.0 = Debug|Any CPU
		{61E303A6-9E3B-491D-8F02-26853F75BE1A}.Debug|Any CPU.ActiveCfg = Debug|Any CPU
		{61E303A6-9E3B-491D-8F02-26853F75BE1A}.Debug|Any CPU.Build.0 = Debug|Any CPU
		{61E303A6-9E3B-491D-8F02-26853F75BE1A}.Release|Any CPU.ActiveCfg = Release|Any CPU
		{61E303A6-9E3B-491D-8F02-26853F75BE1A}.Release|Any CPU.Build.0 = Release|Any CPU
	EndGlobalSection
EndGlobal
